{
    "_meta": {
        "hash": {
            "sha256": "abb1bcdae89e3c13419e5ee6d342724cb747ca90d79886011bee02a1b5608abd"
        },
        "pipfile-spec": 6,
        "requires": {
            "python_version": "3.7"
        },
        "sources": [
            {
                "name": "pypi",
                "url": "https://pypi.org/simple",
                "verify_ssl": true
            }
        ]
    },
    "default": {
        "pyoo": {
            "hashes": [
                "sha256:05523e7dd66f54860ff13b4cce1d0cdc692c1780b5f393c9c2e4826ebfca3753"
            ],
            "index": "pypi",
            "version": "==1.3"
        },
        "unotools": {
            "hashes": [
                "sha256:1cdb7b536443584653c5dbb87e9084a57568da224ec4439fcaa7f7938d787ea0",
                "sha256:72190c70279977db7e60c620b54e8ade9f11e9113289e7728fe367014cbd268d"
            ],
            "index": "pypi",
            "version": "==0.3.3"
        }
    },
    "develop": {}
}
